{
  "meteor": {},
  "dependencies": {
    "basePackages": {
      "leaflet": {
        "git": "https://github.com/bevanhunt/meteor-leaflet.git",
        "ref": "450d2083cc820e69d04011eec129d93ad2484d56"
      },
      "iron-router": {
        "git": "https://github.com/EventedMind/iron-router.git",
        "ref": "ce56e58b45624dce992490f3a1c10f10d3948bae"
      },
      "sugar": {},
      "jquery-ui": {},
      "font-awesome": {},
      "twilio": {},
      "npm": {}
    },
    "packages": {
      "leaflet": {
        "git": "https://github.com/bevanhunt/meteor-leaflet.git",
        "ref": "450d2083cc820e69d04011eec129d93ad2484d56",
        "commit": "450d2083cc820e69d04011eec129d93ad2484d56"
      },
      "iron-router": {
        "git": "https://github.com/EventedMind/iron-router.git",
        "ref": "ce56e58b45624dce992490f3a1c10f10d3948bae",
        "commit": "ce56e58b45624dce992490f3a1c10f10d3948bae"
      },
      "sugar": {
        "git": "https://github.com/bevanhunt/meteor-sugar.git",
        "tag": "v0.1.6",
        "commit": "8973ed7e027e260a572571d02d0f4a428ca866f9"
      },
      "jquery-ui": {
        "git": "https://github.com/TimHeckel/meteor-jquery-ui.git",
        "tag": "v1.9.2",
        "commit": "c437d45edcf1367df8d5ffa8bad2867758030bd2"
      },
      "font-awesome": {
        "git": "https://github.com/nate-strauser/meteor-font-awesome.git",
        "tag": "v4.0.3",
        "commit": "61e9361384347547ae144f8228faa4deffda23db"
      },
      "twilio": {
        "git": "https://github.com/cultofmetatron/twilio-meteor.git",
        "tag": "v1.1.0",
        "commit": "ca454cabac4b074b4a6a61dfe8c9d118d0934b3a"
      },
      "npm": {
        "git": "https://github.com/arunoda/meteor-npm.git",
        "tag": "v0.2.6",
        "commit": "177ab6118de5bf8cffb19481343d5762ff7a2aaf"
      }
    }
  }
}
